// !$*UTF8*$!
{
	archiveVersion = 1;
	classes = {
	};
	objectVersion = 55;
	objects = {

/* Begin PBXBuildFile section */
		009F494B2A811B3100F353AF /* AppDelegate.swift in Sources */ = {isa = PBXBuildFile; fileRef = 009F494A2A811B3100F353AF /* AppDelegate.swift */; };
		009F494D2A811B3100F353AF /* SceneDelegate.swift in Sources */ = {isa = PBXBuildFile; fileRef = 009F494C2A811B3100F353AF /* SceneDelegate.swift */; };
		009F49542A811B3400F353AF /* Assets.xcassets in Resources */ = {isa = PBXBuildFile; fileRef = 009F49532A811B3400F353AF /* Assets.xcassets */; };
		009F49572A811B3400F353AF /* LaunchScreen.storyboard in Resources */ = {isa = PBXBuildFile; fileRef = 009F49552A811B3400F353AF /* LaunchScreen.storyboard */; };
		009F49622A811B3400F353AF /* TaskTests.swift in Sources */ = {isa = PBXBuildFile; fileRef = 009F49612A811B3400F353AF /* TaskTests.swift */; };
		009F496C2A811B3400F353AF /* TaskUITests.swift in Sources */ = {isa = PBXBuildFile; fileRef = 009F496B2A811B3400F353AF /* TaskUITests.swift */; };
		009F496E2A811B3400F353AF /* TaskUITestsLaunchTests.swift in Sources */ = {isa = PBXBuildFile; fileRef = 009F496D2A811B3400F353AF /* TaskUITestsLaunchTests.swift */; };
		009F497C2A811BB700F353AF /* MovieModel.swift in Sources */ = {isa = PBXBuildFile; fileRef = 009F497B2A811BB700F353AF /* MovieModel.swift */; };
		009F497E2A811BD400F353AF /* MovieListPresenter.swift in Sources */ = {isa = PBXBuildFile; fileRef = 009F497D2A811BD400F353AF /* MovieListPresenter.swift */; };
		009F49872A81201500F353AF /* MovieCell.swift in Sources */ = {isa = PBXBuildFile; fileRef = 009F49852A81201500F353AF /* MovieCell.swift */; };
		009F49882A81201500F353AF /* MovieCell.xib in Resources */ = {isa = PBXBuildFile; fileRef = 009F49862A81201500F353AF /* MovieCell.xib */; };
		009F498C2A81219000F353AF /* Constants.swift in Sources */ = {isa = PBXBuildFile; fileRef = 009F498B2A81219000F353AF /* Constants.swift */; };
		009F498F2A83D89900F353AF /* SDWebImage in Frameworks */ = {isa = PBXBuildFile; productRef = 009F498E2A83D89900F353AF /* SDWebImage */; };
		009F49912A83D89900F353AF /* SDWebImageMapKit in Frameworks */ = {isa = PBXBuildFile; productRef = 009F49902A83D89900F353AF /* SDWebImageMapKit */; };
		009F49982A978DF600F353AF /* MovieListVCRouter.swift in Sources */ = {isa = PBXBuildFile; fileRef = 009F49972A978DF600F353AF /* MovieListVCRouter.swift */; };
		009F499A2A97ED0C00F353AF /* MovieDetailVCRouter.swift in Sources */ = {isa = PBXBuildFile; fileRef = 009F49992A97ED0C00F353AF /* MovieDetailVCRouter.swift */; };
		009F499C2A97F08600F353AF /* MovieDetailPresenter.swift in Sources */ = {isa = PBXBuildFile; fileRef = 009F499B2A97F08600F353AF /* MovieDetailPresenter.swift */; };
		009F49A52AA682DD00F353AF /* APICaller.swift in Sources */ = {isa = PBXBuildFile; fileRef = 009F49A42AA682DD00F353AF /* APICaller.swift */; };
		009F49AA2AB78B4A00F353AF /* MovieDetailViewController.swift in Sources */ = {isa = PBXBuildFile; fileRef = 009F49A82AB78B4A00F353AF /* MovieDetailViewController.swift */; };
		009F49AB2AB78B4A00F353AF /* MovieDetailViewController.xib in Resources */ = {isa = PBXBuildFile; fileRef = 009F49A92AB78B4A00F353AF /* MovieDetailViewController.xib */; };
		009F49AF2AB7908300F353AF /* MovieListViewController.swift in Sources */ = {isa = PBXBuildFile; fileRef = 009F49AD2AB7908300F353AF /* MovieListViewController.swift */; };
		009F49B02AB7908300F353AF /* MovieListViewController.xib in Resources */ = {isa = PBXBuildFile; fileRef = 009F49AE2AB7908300F353AF /* MovieListViewController.xib */; };
/* End PBXBuildFile section */

/* Begin PBXContainerItemProxy section */
		009F495E2A811B3400F353AF /* PBXContainerItemProxy */ = {
			isa = PBXContainerItemProxy;
			containerPortal = 009F493F2A811B3100F353AF /* Project object */;
			proxyType = 1;
			remoteGlobalIDString = 009F49462A811B3100F353AF;
			remoteInfo = Task;
		};
		009F49682A811B3400F353AF /* PBXContainerItemProxy */ = {
			isa = PBXContainerItemProxy;
			containerPortal = 009F493F2A811B3100F353AF /* Project object */;
			proxyType = 1;
			remoteGlobalIDString = 009F49462A811B3100F353AF;
			remoteInfo = Task;
		};
/* End PBXContainerItemProxy section */

/* Begin PBXFileReference section */
		009F49472A811B3100F353AF /* Task.app */ = {isa = PBXFileReference; explicitFileType = wrapper.application; includeInIndex = 0; path = Task.app; sourceTree = BUILT_PRODUCTS_DIR; };
		009F494A2A811B3100F353AF /* AppDelegate.swift */ = {isa = PBXFileReference; lastKnownFileType = sourcecode.swift; path = AppDelegate.swift; sourceTree = "<group>"; };
		009F494C2A811B3100F353AF /* SceneDelegate.swift */ = {isa = PBXFileReference; lastKnownFileType = sourcecode.swift; path = SceneDelegate.swift; sourceTree = "<group>"; };
		009F49532A811B3400F353AF /* Assets.xcassets */ = {isa = PBXFileReference; lastKnownFileType = folder.assetcatalog; path = Assets.xcassets; sourceTree = "<group>"; };
		009F49562A811B3400F353AF /* Base */ = {isa = PBXFileReference; lastKnownFileType = file.storyboard; name = Base; path = Base.lproj/LaunchScreen.storyboard; sourceTree = "<group>"; };
		009F49582A811B3400F353AF /* Info.plist */ = {isa = PBXFileReference; lastKnownFileType = text.plist.xml; path = Info.plist; sourceTree = "<group>"; };
		009F495D2A811B3400F353AF /* TaskTests.xctest */ = {isa = PBXFileReference; explicitFileType = wrapper.cfbundle; includeInIndex = 0; path = TaskTests.xctest; sourceTree = BUILT_PRODUCTS_DIR; };
		009F49612A811B3400F353AF /* TaskTests.swift */ = {isa = PBXFileReference; lastKnownFileType = sourcecode.swift; path = TaskTests.swift; sourceTree = "<group>"; };
		009F49672A811B3400F353AF /* TaskUITests.xctest */ = {isa = PBXFileReference; explicitFileType = wrapper.cfbundle; includeInIndex = 0; path = TaskUITests.xctest; sourceTree = BUILT_PRODUCTS_DIR; };
		009F496B2A811B3400F353AF /* TaskUITests.swift */ = {isa = PBXFileReference; lastKnownFileType = sourcecode.swift; path = TaskUITests.swift; sourceTree = "<group>"; };
		009F496D2A811B3400F353AF /* TaskUITestsLaunchTests.swift */ = {isa = PBXFileReference; lastKnownFileType = sourcecode.swift; path = TaskUITestsLaunchTests.swift; sourceTree = "<group>"; };
		009F497B2A811BB700F353AF /* MovieModel.swift */ = {isa = PBXFileReference; lastKnownFileType = sourcecode.swift; path = MovieModel.swift; sourceTree = "<group>"; };
		009F497D2A811BD400F353AF /* MovieListPresenter.swift */ = {isa = PBXFileReference; lastKnownFileType = sourcecode.swift; path = MovieListPresenter.swift; sourceTree = "<group>"; };
		009F49852A81201500F353AF /* MovieCell.swift */ = {isa = PBXFileReference; lastKnownFileType = sourcecode.swift; path = MovieCell.swift; sourceTree = "<group>"; };
		009F49862A81201500F353AF /* MovieCell.xib */ = {isa = PBXFileReference; lastKnownFileType = file.xib; path = MovieCell.xib; sourceTree = "<group>"; };
		009F498B2A81219000F353AF /* Constants.swift */ = {isa = PBXFileReference; lastKnownFileType = sourcecode.swift; path = Constants.swift; sourceTree = "<group>"; };
		009F49972A978DF600F353AF /* MovieListVCRouter.swift */ = {isa = PBXFileReference; lastKnownFileType = sourcecode.swift; path = MovieListVCRouter.swift; sourceTree = "<group>"; };
		009F49992A97ED0C00F353AF /* MovieDetailVCRouter.swift */ = {isa = PBXFileReference; lastKnownFileType = sourcecode.swift; path = MovieDetailVCRouter.swift; sourceTree = "<group>"; };
		009F499B2A97F08600F353AF /* MovieDetailPresenter.swift */ = {isa = PBXFileReference; lastKnownFileType = sourcecode.swift; path = MovieDetailPresenter.swift; sourceTree = "<group>"; };
		009F49A42AA682DD00F353AF /* APICaller.swift */ = {isa = PBXFileReference; lastKnownFileType = sourcecode.swift; path = APICaller.swift; sourceTree = "<group>"; };
		009F49A82AB78B4A00F353AF /* MovieDetailViewController.swift */ = {isa = PBXFileReference; lastKnownFileType = sourcecode.swift; path = MovieDetailViewController.swift; sourceTree = "<group>"; };
		009F49A92AB78B4A00F353AF /* MovieDetailViewController.xib */ = {isa = PBXFileReference; lastKnownFileType = file.xib; path = MovieDetailViewController.xib; sourceTree = "<group>"; };
		009F49AD2AB7908300F353AF /* MovieListViewController.swift */ = {isa = PBXFileReference; lastKnownFileType = sourcecode.swift; path = MovieListViewController.swift; sourceTree = "<group>"; };
		009F49AE2AB7908300F353AF /* MovieListViewController.xib */ = {isa = PBXFileReference; lastKnownFileType = file.xib; path = MovieListViewController.xib; sourceTree = "<group>"; };
/* End PBXFileReference section */

/* Begin PBXFrameworksBuildPhase section */
		009F49442A811B3100F353AF /* Frameworks */ = {
			isa = PBXFrameworksBuildPhase;
			buildActionMask = 2147483647;
			files = (
				009F49912A83D89900F353AF /* SDWebImageMapKit in Frameworks */,
				009F498F2A83D89900F353AF /* SDWebImage in Frameworks */,
			);
			runOnlyForDeploymentPostprocessing = 0;
		};
		009F495A2A811B3400F353AF /* Frameworks */ = {
			isa = PBXFrameworksBuildPhase;
			buildActionMask = 2147483647;
			files = (
			);
			runOnlyForDeploymentPostprocessing = 0;
		};
		009F49642A811B3400F353AF /* Frameworks */ = {
			isa = PBXFrameworksBuildPhase;
			buildActionMask = 2147483647;
			files = (
			);
			runOnlyForDeploymentPostprocessing = 0;
		};
/* End PBXFrameworksBuildPhase section */

/* Begin PBXGroup section */
		009F493E2A811B3100F353AF = {
			isa = PBXGroup;
			children = (
				009F49832A811D3500F353AF /* Core */,
				009F49A32AA682C000F353AF /* Services */,
				009F49842A811FB200F353AF /* Cells */,
				009F49A72AB78A5800F353AF /* MovieList */,
				009F49A62AB78A1500F353AF /* MovieDetail */,
				009F498A2A81214B00F353AF /* Common */,
				009F49492A811B3100F353AF /* Task */,
				009F49602A811B3400F353AF /* TaskTests */,
				009F496A2A811B3400F353AF /* TaskUITests */,
				009F49482A811B3100F353AF /* Products */,
			);
			sourceTree = "<group>";
		};
		009F49482A811B3100F353AF /* Products */ = {
			isa = PBXGroup;
			children = (
				009F49472A811B3100F353AF /* Task.app */,
				009F495D2A811B3400F353AF /* TaskTests.xctest */,
				009F49672A811B3400F353AF /* TaskUITests.xctest */,
			);
			name = Products;
			sourceTree = "<group>";
		};
		009F49492A811B3100F353AF /* Task */ = {
			isa = PBXGroup;
			children = (
				009F49582A811B3400F353AF /* Info.plist */,
				009F49892A81211100F353AF /* Resources */,
			);
			path = Task;
			sourceTree = "<group>";
		};
		009F49602A811B3400F353AF /* TaskTests */ = {
			isa = PBXGroup;
			children = (
				009F49612A811B3400F353AF /* TaskTests.swift */,
			);
			path = TaskTests;
			sourceTree = "<group>";
		};
		009F496A2A811B3400F353AF /* TaskUITests */ = {
			isa = PBXGroup;
			children = (
				009F496B2A811B3400F353AF /* TaskUITests.swift */,
				009F496D2A811B3400F353AF /* TaskUITestsLaunchTests.swift */,
			);
			path = TaskUITests;
			sourceTree = "<group>";
		};
		009F49832A811D3500F353AF /* Core */ = {
			isa = PBXGroup;
			children = (
				009F494A2A811B3100F353AF /* AppDelegate.swift */,
				009F494C2A811B3100F353AF /* SceneDelegate.swift */,
			);
			path = Core;
			sourceTree = "<group>";
		};
		009F49842A811FB200F353AF /* Cells */ = {
			isa = PBXGroup;
			children = (
				009F49B22AB7A08600F353AF /* MovieCell */,
			);
			path = Cells;
			sourceTree = "<group>";
		};
		009F49892A81211100F353AF /* Resources */ = {
			isa = PBXGroup;
			children = (
				009F49532A811B3400F353AF /* Assets.xcassets */,
				009F49552A811B3400F353AF /* LaunchScreen.storyboard */,
			);
			path = Resources;
			sourceTree = "<group>";
		};
		009F498A2A81214B00F353AF /* Common */ = {
			isa = PBXGroup;
			children = (
				009F498B2A81219000F353AF /* Constants.swift */,
			);
			path = Common;
			sourceTree = "<group>";
		};
		009F49A32AA682C000F353AF /* Services */ = {
			isa = PBXGroup;
			children = (
				009F49A42AA682DD00F353AF /* APICaller.swift */,
			);
			path = Services;
			sourceTree = "<group>";
		};
		009F49A62AB78A1500F353AF /* MovieDetail */ = {
			isa = PBXGroup;
			children = (
				009F49AC2AB78B5200F353AF /* MovieDetailViewController */,
				009F499B2A97F08600F353AF /* MovieDetailPresenter.swift */,
				009F49992A97ED0C00F353AF /* MovieDetailVCRouter.swift */,
			);
			path = MovieDetail;
			sourceTree = "<group>";
		};
		009F49A72AB78A5800F353AF /* MovieList */ = {
			isa = PBXGroup;
			children = (
				009F49B12AB7908A00F353AF /* MovieListViewController */,
				009F497B2A811BB700F353AF /* MovieModel.swift */,
				009F497D2A811BD400F353AF /* MovieListPresenter.swift */,
				009F49972A978DF600F353AF /* MovieListVCRouter.swift */,
			);
			path = MovieList;
			sourceTree = "<group>";
		};
		009F49AC2AB78B5200F353AF /* MovieDetailViewController */ = {
			isa = PBXGroup;
			children = (
				009F49A92AB78B4A00F353AF /* MovieDetailViewController.xib */,
				009F49A82AB78B4A00F353AF /* MovieDetailViewController.swift */,
			);
			path = MovieDetailViewController;
			sourceTree = "<group>";
		};
		009F49B12AB7908A00F353AF /* MovieListViewController */ = {
			isa = PBXGroup;
			children = (
				009F49AD2AB7908300F353AF /* MovieListViewController.swift */,
				009F49AE2AB7908300F353AF /* MovieListViewController.xib */,
			);
			path = MovieListViewController;
			sourceTree = "<group>";
		};
		009F49B22AB7A08600F353AF /* MovieCell */ = {
			isa = PBXGroup;
			children = (
				009F49862A81201500F353AF /* MovieCell.xib */,
				009F49852A81201500F353AF /* MovieCell.swift */,
			);
			path = MovieCell;
			sourceTree = "<group>";
		};
/* End PBXGroup section */

/* Begin PBXNativeTarget section */
		009F49462A811B3100F353AF /* Task */ = {
			isa = PBXNativeTarget;
			buildConfigurationList = 009F49712A811B3400F353AF /* Build configuration list for PBXNativeTarget "Task" */;
			buildPhases = (
				009F49432A811B3100F353AF /* Sources */,
				009F49442A811B3100F353AF /* Frameworks */,
				009F49452A811B3100F353AF /* Resources */,
			);
			buildRules = (
			);
			dependencies = (
			);
			name = Task;
			packageProductDependencies = (
				009F498E2A83D89900F353AF /* SDWebImage */,
				009F49902A83D89900F353AF /* SDWebImageMapKit */,
			);
			productName = Task;
			productReference = 009F49472A811B3100F353AF /* Task.app */;
			productType = "com.apple.product-type.application";
		};
		009F495C2A811B3400F353AF /* TaskTests */ = {
			isa = PBXNativeTarget;
			buildConfigurationList = 009F49742A811B3400F353AF /* Build configuration list for PBXNativeTarget "TaskTests" */;
			buildPhases = (
				009F49592A811B3400F353AF /* Sources */,
				009F495A2A811B3400F353AF /* Frameworks */,
				009F495B2A811B3400F353AF /* Resources */,
			);
			buildRules = (
			);
			dependencies = (
				009F495F2A811B3400F353AF /* PBXTargetDependency */,
			);
			name = TaskTests;
			productName = TaskTests;
			productReference = 009F495D2A811B3400F353AF /* TaskTests.xctest */;
			productType = "com.apple.product-type.bundle.unit-test";
		};
		009F49662A811B3400F353AF /* TaskUITests */ = {
			isa = PBXNativeTarget;
			buildConfigurationList = 009F49772A811B3400F353AF /* Build configuration list for PBXNativeTarget "TaskUITests" */;
			buildPhases = (
				009F49632A811B3400F353AF /* Sources */,
				009F49642A811B3400F353AF /* Frameworks */,
				009F49652A811B3400F353AF /* Resources */,
			);
			buildRules = (
			);
			dependencies = (
				009F49692A811B3400F353AF /* PBXTargetDependency */,
			);
			name = TaskUITests;
			productName = TaskUITests;
			productReference = 009F49672A811B3400F353AF /* TaskUITests.xctest */;
			productType = "com.apple.product-type.bundle.ui-testing";
		};
/* End PBXNativeTarget section */

/* Begin PBXProject section */
		009F493F2A811B3100F353AF /* Project object */ = {
			isa = PBXProject;
			attributes = {
				BuildIndependentTargetsInParallel = 1;
				LastSwiftUpdateCheck = 1340;
				LastUpgradeCheck = 1340;
				TargetAttributes = {
					009F49462A811B3100F353AF = {
						CreatedOnToolsVersion = 13.4.1;
					};
					009F495C2A811B3400F353AF = {
						CreatedOnToolsVersion = 13.4.1;
						TestTargetID = 009F49462A811B3100F353AF;
					};
					009F49662A811B3400F353AF = {
						CreatedOnToolsVersion = 13.4.1;
						TestTargetID = 009F49462A811B3100F353AF;
					};
				};
			};
			buildConfigurationList = 009F49422A811B3100F353AF /* Build configuration list for PBXProject "Task" */;
			compatibilityVersion = "Xcode 13.0";
			developmentRegion = en;
			hasScannedForEncodings = 0;
			knownRegions = (
				en,
				Base,
			);
			mainGroup = 009F493E2A811B3100F353AF;
			packageReferences = (
				009F498D2A83D89900F353AF /* XCRemoteSwiftPackageReference "SDWebImage" */,
			);
			productRefGroup = 009F49482A811B3100F353AF /* Products */;
			projectDirPath = "";
			projectRoot = "";
			targets = (
				009F49462A811B3100F353AF /* Task */,
				009F495C2A811B3400F353AF /* TaskTests */,
				009F49662A811B3400F353AF /* TaskUITests */,
			);
		};
/* End PBXProject section */

/* Begin PBXResourcesBuildPhase section */
		009F49452A811B3100F353AF /* Resources */ = {
			isa = PBXResourcesBuildPhase;
			buildActionMask = 2147483647;
			files = (
				009F49AB2AB78B4A00F353AF /* MovieDetailViewController.xib in Resources */,
				009F49572A811B3400F353AF /* LaunchScreen.storyboard in Resources */,
				009F49542A811B3400F353AF /* Assets.xcassets in Resources */,
				009F49882A81201500F353AF /* MovieCell.xib in Resources */,
				009F49B02AB7908300F353AF /* MovieListViewController.xib in Resources */,
			);
			runOnlyForDeploymentPostprocessing = 0;
		};
		009F495B2A811B3400F353AF /* Resources */ = {
			isa = PBXResourcesBuildPhase;
			buildActionMask = 2147483647;
			files = (
			);
			runOnlyForDeploymentPostprocessing = 0;
		};
		009F49652A811B3400F353AF /* Resources */ = {
			isa = PBXResourcesBuildPhase;
			buildActionMask = 2147483647;
			files = (
			);
			runOnlyForDeploymentPostprocessing = 0;
		};
/* End PBXResourcesBuildPhase section */

/* Begin PBXSourcesBuildPhase section */
		009F49432A811B3100F353AF /* Sources */ = {
			isa = PBXSourcesBuildPhase;
			buildActionMask = 2147483647;
			files = (
				009F497C2A811BB700F353AF /* MovieModel.swift in Sources */,
				009F499A2A97ED0C00F353AF /* MovieDetailVCRouter.swift in Sources */,
				009F49AF2AB7908300F353AF /* MovieListViewController.swift in Sources */,
				009F49872A81201500F353AF /* MovieCell.swift in Sources */,
				009F49AA2AB78B4A00F353AF /* MovieDetailViewController.swift in Sources */,
				009F494B2A811B3100F353AF /* AppDelegate.swift in Sources */,
				009F498C2A81219000F353AF /* Constants.swift in Sources */,
				009F49A52AA682DD00F353AF /* APICaller.swift in Sources */,
				009F499C2A97F08600F353AF /* MovieDetailPresenter.swift in Sources */,
				009F49982A978DF600F353AF /* MovieListVCRouter.swift in Sources */,
				009F494D2A811B3100F353AF /* SceneDelegate.swift in Sources */,
				009F497E2A811BD400F353AF /* MovieListPresenter.swift in Sources */,
			);
			runOnlyForDeploymentPostprocessing = 0;
		};
		009F49592A811B3400F353AF /* Sources */ = {
			isa = PBXSourcesBuildPhase;
			buildActionMask = 2147483647;
			files = (
				009F49622A811B3400F353AF /* TaskTests.swift in Sources */,
			);
			runOnlyForDeploymentPostprocessing = 0;
		};
		009F49632A811B3400F353AF /* Sources */ = {
			isa = PBXSourcesBuildPhase;
			buildActionMask = 2147483647;
			files = (
				009F496C2A811B3400F353AF /* TaskUITests.swift in Sources */,
				009F496E2A811B3400F353AF /* TaskUITestsLaunchTests.swift in Sources */,
			);
			runOnlyForDeploymentPostprocessing = 0;
		};
/* End PBXSourcesBuildPhase section */

/* Begin PBXTargetDependency section */
		009F495F2A811B3400F353AF /* PBXTargetDependency */ = {
			isa = PBXTargetDependency;
			target = 009F49462A811B3100F353AF /* Task */;
			targetProxy = 009F495E2A811B3400F353AF /* PBXContainerItemProxy */;
		};
		009F49692A811B3400F353AF /* PBXTargetDependency */ = {
			isa = PBXTargetDependency;
			target = 009F49462A811B3100F353AF /* Task */;
			targetProxy = 009F49682A811B3400F353AF /* PBXContainerItemProxy */;
		};
/* End PBXTargetDependency section */

/* Begin PBXVariantGroup section */
		009F49552A811B3400F353AF /* LaunchScreen.storyboard */ = {
			isa = PBXVariantGroup;
			children = (
				009F49562A811B3400F353AF /* Base */,
			);
			name = LaunchScreen.storyboard;
			sourceTree = "<group>";
		};
/* End PBXVariantGroup section */

/* Begin XCBuildConfiguration section */
		009F496F2A811B3400F353AF /* Debug */ = {
			isa = XCBuildConfiguration;
			buildSettings = {
				ALWAYS_SEARCH_USER_PATHS = NO;
				CLANG_ANALYZER_NONNULL = YES;
				CLANG_ANALYZER_NUMBER_OBJECT_CONVERSION = YES_AGGRESSIVE;
				CLANG_CXX_LANGUAGE_STANDARD = "gnu++17";
				CLANG_ENABLE_MODULES = YES;
				CLANG_ENABLE_OBJC_ARC = YES;
				CLANG_ENABLE_OBJC_WEAK = YES;
				CLANG_WARN_BLOCK_CAPTURE_AUTORELEASING = YES;
				CLANG_WARN_BOOL_CONVERSION = YES;
				CLANG_WARN_COMMA = YES;
				CLANG_WARN_CONSTANT_CONVERSION = YES;
				CLANG_WARN_DEPRECATED_OBJC_IMPLEMENTATIONS = YES;
				CLANG_WARN_DIRECT_OBJC_ISA_USAGE = YES_ERROR;
				CLANG_WARN_DOCUMENTATION_COMMENTS = YES;
				CLANG_WARN_EMPTY_BODY = YES;
				CLANG_WARN_ENUM_CONVERSION = YES;
				CLANG_WARN_INFINITE_RECURSION = YES;
				CLANG_WARN_INT_CONVERSION = YES;
				CLANG_WARN_NON_LITERAL_NULL_CONVERSION = YES;
				CLANG_WARN_OBJC_IMPLICIT_RETAIN_SELF = YES;
				CLANG_WARN_OBJC_LITERAL_CONVERSION = YES;
				CLANG_WARN_OBJC_ROOT_CLASS = YES_ERROR;
				CLANG_WARN_QUOTED_INCLUDE_IN_FRAMEWORK_HEADER = YES;
				CLANG_WARN_RANGE_LOOP_ANALYSIS = YES;
				CLANG_WARN_STRICT_PROTOTYPES = YES;
				CLANG_WARN_SUSPICIOUS_MOVE = YES;
				CLANG_WARN_UNGUARDED_AVAILABILITY = YES_AGGRESSIVE;
				CLANG_WARN_UNREACHABLE_CODE = YES;
				CLANG_WARN__DUPLICATE_METHOD_MATCH = YES;
				COPY_PHASE_STRIP = NO;
				DEBUG_INFORMATION_FORMAT = dwarf;
				ENABLE_STRICT_OBJC_MSGSEND = YES;
				ENABLE_TESTABILITY = YES;
				GCC_C_LANGUAGE_STANDARD = gnu11;
				GCC_DYNAMIC_NO_PIC = NO;
				GCC_NO_COMMON_BLOCKS = YES;
				GCC_OPTIMIZATION_LEVEL = 0;
				GCC_PREPROCESSOR_DEFINITIONS = (
					"DEBUG=1",
					"$(inherited)",
				);
				GCC_WARN_64_TO_32_BIT_CONVERSION = YES;
				GCC_WARN_ABOUT_RETURN_TYPE = YES_ERROR;
				GCC_WARN_UNDECLARED_SELECTOR = YES;
				GCC_WARN_UNINITIALIZED_AUTOS = YES_AGGRESSIVE;
				GCC_WARN_UNUSED_FUNCTION = YES;
				GCC_WARN_UNUSED_VARIABLE = YES;
				IPHONEOS_DEPLOYMENT_TARGET = 15.5;
				MTL_ENABLE_DEBUG_INFO = INCLUDE_SOURCE;
				MTL_FAST_MATH = YES;
				ONLY_ACTIVE_ARCH = YES;
				SDKROOT = iphoneos;
				SWIFT_ACTIVE_COMPILATION_CONDITIONS = DEBUG;
				SWIFT_OPTIMIZATION_LEVEL = "-Onone";
			};
			name = Debug;
		};
		009F49702A811B3400F353AF /* Release */ = {
			isa = XCBuildConfiguration;
			buildSettings = {
				ALWAYS_SEARCH_USER_PATHS = NO;
				CLANG_ANALYZER_NONNULL = YES;
				CLANG_ANALYZER_NUMBER_OBJECT_CONVERSION = YES_AGGRESSIVE;
				CLANG_CXX_LANGUAGE_STANDARD = "gnu++17";
				CLANG_ENABLE_MODULES = YES;
				CLANG_ENABLE_OBJC_ARC = YES;
				CLANG_ENABLE_OBJC_WEAK = YES;
				CLANG_WARN_BLOCK_CAPTURE_AUTORELEASING = YES;
				CLANG_WARN_BOOL_CONVERSION = YES;
				CLANG_WARN_COMMA = YES;
				CLANG_WARN_CONSTANT_CONVERSION = YES;
				CLANG_WARN_DEPRECATED_OBJC_IMPLEMENTATIONS = YES;
				CLANG_WARN_DIRECT_OBJC_ISA_USAGE = YES_ERROR;
				CLANG_WARN_DOCUMENTATION_COMMENTS = YES;
				CLANG_WARN_EMPTY_BODY = YES;
				CLANG_WARN_ENUM_CONVERSION = YES;
				CLANG_WARN_INFINITE_RECURSION = YES;
				CLANG_WARN_INT_CONVERSION = YES;
				CLANG_WARN_NON_LITERAL_NULL_CONVERSION = YES;
				CLANG_WARN_OBJC_IMPLICIT_RETAIN_SELF = YES;
				CLANG_WARN_OBJC_LITERAL_CONVERSION = YES;
				CLANG_WARN_OBJC_ROOT_CLASS = YES_ERROR;
				CLANG_WARN_QUOTED_INCLUDE_IN_FRAMEWORK_HEADER = YES;
				CLANG_WARN_RANGE_LOOP_ANALYSIS = YES;
				CLANG_WARN_STRICT_PROTOTYPES = YES;
				CLANG_WARN_SUSPICIOUS_MOVE = YES;
				CLANG_WARN_UNGUARDED_AVAILABILITY = YES_AGGRESSIVE;
				CLANG_WARN_UNREACHABLE_CODE = YES;
				CLANG_WARN__DUPLICATE_METHOD_MATCH = YES;
				COPY_PHASE_STRIP = NO;
				DEBUG_INFORMATION_FORMAT = "dwarf-with-dsym";
				ENABLE_NS_ASSERTIONS = NO;
				ENABLE_STRICT_OBJC_MSGSEND = YES;
				GCC_C_LANGUAGE_STANDARD = gnu11;
				GCC_NO_COMMON_BLOCKS = YES;
				GCC_WARN_64_TO_32_BIT_CONVERSION = YES;
				GCC_WARN_ABOUT_RETURN_TYPE = YES_ERROR;
				GCC_WARN_UNDECLARED_SELECTOR = YES;
				GCC_WARN_UNINITIALIZED_AUTOS = YES_AGGRESSIVE;
				GCC_WARN_UNUSED_FUNCTION = YES;
				GCC_WARN_UNUSED_VARIABLE = YES;
				IPHONEOS_DEPLOYMENT_TARGET = 15.5;
				MTL_ENABLE_DEBUG_INFO = NO;
				MTL_FAST_MATH = YES;
				SDKROOT = iphoneos;
				SWIFT_COMPILATION_MODE = wholemodule;
				SWIFT_OPTIMIZATION_LEVEL = "-O";
				VALIDATE_PRODUCT = YES;
			};
			name = Release;
		};
		009F49722A811B3400F353AF /* Debug */ = {
			isa = XCBuildConfiguration;
			buildSettings = {
				ASSETCATALOG_COMPILER_APPICON_NAME = AppIcon;
				ASSETCATALOG_COMPILER_GLOBAL_ACCENT_COLOR_NAME = AccentColor;
				CODE_SIGN_STYLE = Automatic;
				CURRENT_PROJECT_VERSION = 1;
				DEVELOPMENT_TEAM = SPHY5BA8B7;
				GENERATE_INFOPLIST_FILE = YES;
				INFOPLIST_FILE = Task/Info.plist;
				INFOPLIST_KEY_UIApplicationSupportsIndirectInputEvents = YES;
				INFOPLIST_KEY_UILaunchStoryboardName = LaunchScreen;
				INFOPLIST_KEY_UISupportedInterfaceOrientations = UIInterfaceOrientationPortrait;
				INFOPLIST_KEY_UISupportedInterfaceOrientations_iPad = "UIInterfaceOrientationPortrait UIInterfaceOrientationPortraitUpsideDown UIInterfaceOrientationLandscapeLeft UIInterfaceOrientationLandscapeRight";
				INFOPLIST_KEY_UISupportedInterfaceOrientations_iPhone = "UIInterfaceOrientationPortrait UIInterfaceOrientationLandscapeLeft UIInterfaceOrientationLandscapeRight";
				LD_RUNPATH_SEARCH_PATHS = (
					"$(inherited)",
					"@executable_path/Frameworks",
				);
				MARKETING_VERSION = 1.0;
				PRODUCT_BUNDLE_IDENTIFIER = "mostafa.ashraf10497-gmail.com.Task";
				PRODUCT_NAME = "$(TARGET_NAME)";
				SWIFT_EMIT_LOC_STRINGS = YES;
				SWIFT_VERSION = 5.0;
				TARGETED_DEVICE_FAMILY = 1;
			};
			name = Debug;
		};
		009F49732A811B3400F353AF /* Release */ = {
			isa = XCBuildConfiguration;
			buildSettings = {
				ASSETCATALOG_COMPILER_APPICON_NAME = AppIcon;
				ASSETCATALOG_COMPILER_GLOBAL_ACCENT_COLOR_NAME = AccentColor;
				CODE_SIGN_STYLE = Automatic;
				CURRENT_PROJECT_VERSION = 1;
				DEVELOPMENT_TEAM = SPHY5BA8B7;
				GENERATE_INFOPLIST_FILE = YES;
				INFOPLIST_FILE = Task/Info.plist;
				INFOPLIST_KEY_UIApplicationSupportsIndirectInputEvents = YES;
				INFOPLIST_KEY_UILaunchStoryboardName = LaunchScreen;
				INFOPLIST_KEY_UISupportedInterfaceOrientations = UIInterfaceOrientationPortrait;
				INFOPLIST_KEY_UISupportedInterfaceOrientations_iPad = "UIInterfaceOrientationPortrait UIInterfaceOrientationPortraitUpsideDown UIInterfaceOrientationLandscapeLeft UIInterfaceOrientationLandscapeRight";
				INFOPLIST_KEY_UISupportedInterfaceOrientations_iPhone = "UIInterfaceOrientationPortrait UIInterfaceOrientationLandscapeLeft UIInterfaceOrientationLandscapeRight";
				LD_RUNPATH_SEARCH_PATHS = (
					"$(inherited)",
					"@executable_path/Frameworks",
				);
				MARKETING_VERSION = 1.0;
				PRODUCT_BUNDLE_IDENTIFIER = "mostafa.ashraf10497-gmail.com.Task";
				PRODUCT_NAME = "$(TARGET_NAME)";
				SWIFT_EMIT_LOC_STRINGS = YES;
				SWIFT_VERSION = 5.0;
				TARGETED_DEVICE_FAMILY = 1;
			};
			name = Release;
		};
		009F49752A811B3400F353AF /* Debug */ = {
			isa = XCBuildConfiguration;
			buildSettings = {
				ALWAYS_EMBED_SWIFT_STANDARD_LIBRARIES = YES;
				BUNDLE_LOADER = "$(TEST_HOST)";
				CODE_SIGN_STYLE = Automatic;
				CURRENT_PROJECT_VERSION = 1;
				DEVELOPMENT_TEAM = SPHY5BA8B7;
				GENERATE_INFOPLIST_FILE = YES;
				IPHONEOS_DEPLOYMENT_TARGET = 15.5;
				MARKETING_VERSION = 1.0;
				PRODUCT_BUNDLE_IDENTIFIER = "mostafa.ashraf10497-gmail.com.TaskTests";
				PRODUCT_NAME = "$(TARGET_NAME)";
				SWIFT_EMIT_LOC_STRINGS = NO;
				SWIFT_VERSION = 5.0;
				TARGETED_DEVICE_FAMILY = "1,2";
				TEST_HOST = "$(BUILT_PRODUCTS_DIR)/Task.app/Task";
			};
			name = Debug;
		};
		009F49762A811B3400F353AF /* Release */ = {
			isa = XCBuildConfiguration;
			buildSettings = {
				ALWAYS_EMBED_SWIFT_STANDARD_LIBRARIES = YES;
				BUNDLE_LOADER = "$(TEST_HOST)";
				CODE_SIGN_STYLE = Automatic;
				CURRENT_PROJECT_VERSION = 1;
				DEVELOPMENT_TEAM = SPHY5BA8B7;
				GENERATE_INFOPLIST_FILE = YES;
				IPHONEOS_DEPLOYMENT_TARGET = 15.5;
				MARKETING_VERSION = 1.0;
				PRODUCT_BUNDLE_IDENTIFIER = "mostafa.ashraf10497-gmail.com.TaskTests";
				PRODUCT_NAME = "$(TARGET_NAME)";
				SWIFT_EMIT_LOC_STRINGS = NO;
				SWIFT_VERSION = 5.0;
				TARGETED_DEVICE_FAMILY = "1,2";
				TEST_HOST = "$(BUILT_PRODUCTS_DIR)/Task.app/Task";
			};
			name = Release;
		};
		009F49782A811B3400F353AF /* Debug */ = {
			isa = XCBuildConfiguration;
			buildSettings = {
				ALWAYS_EMBED_SWIFT_STANDARD_LIBRARIES = YES;
				CODE_SIGN_STYLE = Automatic;
				CURRENT_PROJECT_VERSION = 1;
				DEVELOPMENT_TEAM = SPHY5BA8B7;
				GENERATE_INFOPLIST_FILE = YES;
				MARKETING_VERSION = 1.0;
				PRODUCT_BUNDLE_IDENTIFIER = "mostafa.ashraf10497-gmail.com.TaskUITests";
				PRODUCT_NAME = "$(TARGET_NAME)";
				SWIFT_EMIT_LOC_STRINGS = NO;
				SWIFT_VERSION = 5.0;
				TARGETED_DEVICE_FAMILY = "1,2";
				TEST_TARGET_NAME = Task;
			};
			name = Debug;
		};
		009F49792A811B3400F353AF /* Release */ = {
			isa = XCBuildConfiguration;
			buildSettings = {
				ALWAYS_EMBED_SWIFT_STANDARD_LIBRARIES = YES;
				CODE_SIGN_STYLE = Automatic;
				CURRENT_PROJECT_VERSION = 1;
				DEVELOPMENT_TEAM = SPHY5BA8B7;
				GENERATE_INFOPLIST_FILE = YES;
				MARKETING_VERSION = 1.0;
				PRODUCT_BUNDLE_IDENTIFIER = "mostafa.ashraf10497-gmail.com.TaskUITests";
				PRODUCT_NAME = "$(TARGET_NAME)";
				SWIFT_EMIT_LOC_STRINGS = NO;
				SWIFT_VERSION = 5.0;
				TARGETED_DEVICE_FAMILY = "1,2";
				TEST_TARGET_NAME = Task;
			};
			name = Release;
		};
/* End XCBuildConfiguration section */

/* Begin XCConfigurationList section */
		009F49422A811B3100F353AF /* Build configuration list for PBXProject "Task" */ = {
			isa = XCConfigurationList;
			buildConfigurations = (
				009F496F2A811B3400F353AF /* Debug */,
				009F49702A811B3400F353AF /* Release */,
			);
			defaultConfigurationIsVisible = 0;
			defaultConfigurationName = Release;
		};
		009F49712A811B3400F353AF /* Build configuration list for PBXNativeTarget "Task" */ = {
			isa = XCConfigurationList;
			buildConfigurations = (
				009F49722A811B3400F353AF /* Debug */,
				009F49732A811B3400F353AF /* Release */,
			);
			defaultConfigurationIsVisible = 0;
			defaultConfigurationName = Release;
		};
		009F49742A811B3400F353AF /* Build configuration list for PBXNativeTarget "TaskTests" */ = {
			isa = XCConfigurationList;
			buildConfigurations = (
				009F49752A811B3400F353AF /* Debug */,
				009F49762A811B3400F353AF /* Release */,
			);
			defaultConfigurationIsVisible = 0;
			defaultConfigurationName = Release;
		};
		009F49772A811B3400F353AF /* Build configuration list for PBXNativeTarget "TaskUITests" */ = {
			isa = XCConfigurationList;
			buildConfigurations = (
				009F49782A811B3400F353AF /* Debug */,
				009F49792A811B3400F353AF /* Release */,
			);
			defaultConfigurationIsVisible = 0;
			defaultConfigurationName = Release;
		};
/* End XCConfigurationList section */

/* Begin XCRemoteSwiftPackageReference section */
		009F498D2A83D89900F353AF /* XCRemoteSwiftPackageReference "SDWebImage" */ = {
			isa = XCRemoteSwiftPackageReference;
			repositoryURL = "https://github.com/SDWebImage/SDWebImage.git";
			requirement = {
				kind = upToNextMajorVersion;
				minimumVersion = 5.0.0;
			};
		};
/* End XCRemoteSwiftPackageReference section */

/* Begin XCSwiftPackageProductDependency section */
		009F498E2A83D89900F353AF /* SDWebImage */ = {
			isa = XCSwiftPackageProductDependency;
			package = 009F498D2A83D89900F353AF /* XCRemoteSwiftPackageReference "SDWebImage" */;
			productName = SDWebImage;
		};
		009F49902A83D89900F353AF /* SDWebImageMapKit */ = {
			isa = XCSwiftPackageProductDependency;
			package = 009F498D2A83D89900F353AF /* XCRemoteSwiftPackageReference "SDWebImage" */;
			productName = SDWebImageMapKit;
		};
/* End XCSwiftPackageProductDependency section */
	};
	rootObject = 009F493F2A811B3100F353AF /* Project object */;
}
